{
  "R": {
    "Version": "4.4.3",
    "Repositories": [
      {
        "Name": "CRAN",
        "URL": "https://cran.rstudio.com"
      }
    ]
  },
  "Packages": {
    "R6": {
      "Package": "R6",
      "Version": "2.6.1",
      "Source": "Repository",
      "Repository": "CRAN",
      "Hash": "d4335fe7207f1c01ab8c41762f5840d4",
      "Requirements": []
    },
    "base64enc": {
      "Package": "base64enc",
      "Version": "0.1-3",
      "Source": "Repository",
      "Repository": "RSPM",
      "RemoteType": "standard",
      "RemotePkgRef": "base64enc",
      "RemoteRef": "base64enc",
      "RemoteRepos": "https://packagemanager.posit.co/cran/latest",
      "RemoteReposName": "CRAN",
      "RemotePkgPlatform": "aarch64-apple-darwin20",
      "RemoteSha": "0.1-3",
      "Hash": "543776ae6848fde2f48ff3816d0628bc",
      "Requirements": []
    },
    "bslib": {
      "Package": "bslib",
      "Version": "0.9.0",
      "Source": "Repository",
      "Repository": "CRAN",
      "Hash": "70a6489cc254171fb9b4a7f130f44dca",
      "Requirements": [
        "base64enc",
        "cachem",
        "fastmap",
        "htmltools",
        "jquerylib",
        "jsonlite",
        "lifecycle",
        "memoise",
        "mime",
        "rlang",
        "sass"
      ]
    },
    "cachem": {
      "Package": "cachem",
      "Version": "1.1.0",
      "Source": "Repository",
      "Repository": "RSPM",
      "Hash": "cd9a672193789068eb5a2aad65a0dedf",
      "Requirements": [
        "fastmap",
        "rlang"
      ]
    },
    "cli": {
      "Package": "cli",
      "Version": "3.6.4",
      "Source": "Repository",
      "Repository": "CRAN",
      "Hash": "491c34d3d9dd0d2fe13d9f278bb90795",
      "Requirements": []
    },
    "digest": {
      "Package": "digest",
      "Version": "0.6.37",
      "Source": "Repository",
      "Repository": "RSPM",
      "Hash": "33698c4b3127fc9f506654607fb73676",
      "Requirements": []
    },
    "evaluate": {
      "Package": "evaluate",
      "Version": "1.0.3",
      "Source": "Repository",
      "Repository": "CRAN",
      "Hash": "e9651417729bbe7472e32b5027370e79",
      "Requirements": []
    },
    "fastmap": {
      "Package": "fastmap",
      "Version": "1.2.0",
      "Source": "Repository",
      "Repository": "RSPM",
      "Hash": "aa5e1cd11c2d15497494c5292d7ffcc8",
      "Requirements": []
    },
    "fontawesome": {
      "Package": "fontawesome",
      "Version": "0.5.3",
      "Source": "Repository",
      "Repository": "CRAN",
      "Hash": "bd1297f9b5b1fc1372d19e2c4cd82215",
      "Requirements": [
        "htmltools",
        "rlang"
      ]
    },
    "fs": {
      "Package": "fs",
      "Version": "1.6.5",
      "Source": "Repository",
      "Repository": "CRAN",
      "Hash": "7f48af39fa27711ea5fbd183b399920d",
      "Requirements": []
    },
    "glue": {
      "Package": "glue",
      "Version": "1.8.0",
      "Source": "Repository",
      "Repository": "CRAN",
      "Hash": "5899f1eaa825580172bb56c08266f37c",
      "Requirements": []
    },
    "highr": {
      "Package": "highr",
      "Version": "0.11",
      "Source": "Repository",
      "Repository": "RSPM",
      "Hash": "d65ba49117ca223614f71b60d85b8ab7",
      "Requirements": [
        "xfun"
      ]
    },
    "htmltools": {
      "Package": "htmltools",
      "Version": "0.5.8.1",
      "Source": "Repository",
      "Repository": "RSPM",
      "RemoteType": "standard",
      "RemotePkgRef": "htmltools",
      "RemoteRef": "htmltools",
      "RemoteRepos": "https://packagemanager.posit.co/cran/latest",
      "RemoteReposName": "CRAN",
      "RemotePkgPlatform": "aarch64-apple-darwin20",
      "RemoteSha": "0.5.8.1",
      "Hash": "81d371a9cc60640e74e4ab6ac46dcedc",
      "Requirements": [
        "base64enc",
        "digest",
        "fastmap",
        "rlang"
      ]
    },
    "jquerylib": {
      "Package": "jquerylib",
      "Version": "0.1.4",
      "Source": "Repository",
      "Repository": "RSPM",
      "RemoteType": "standard",
      "RemotePkgRef": "jquerylib",
      "RemoteRef": "jquerylib",
      "RemoteRepos": "https://packagemanager.posit.co/cran/latest",
      "RemoteReposName": "CRAN",
      "RemotePkgPlatform": "aarch64-apple-darwin20",
      "RemoteSha": "0.1.4",
      "Hash": "5aab57a3bd297eee1c1d862735972182",
      "Requirements": [
        "htmltools"
      ]
    },
    "jsonlite": {
      "Package": "jsonlite",
      "Version": "2.0.0",
      "Source": "Repository",
      "Repository": "CRAN",
      "Hash": "b0776f526d36d8bd4a3344a88fe165c4",
      "Requirements": []
    },
    "knitr": {
      "Package": "knitr",
      "Version": "1.50",
      "Source": "Repository",
      "Repository": "CRAN",
      "Hash": "5a07d8ec459d7b80bd4acca5f4a6e062",
      "Requirements": [
        "evaluate",
        "highr",
        "xfun",
        "yaml"
      ]
    },
    "lifecycle": {
      "Package": "lifecycle",
      "Version": "1.0.4",
      "Source": "Repository",
      "Repository": "RSPM",
      "RemoteType": "standard",
      "RemotePkgRef": "lifecycle",
      "RemoteRef": "lifecycle",
      "RemoteRepos": "https://packagemanager.posit.co/cran/latest",
      "RemoteReposName": "CRAN",
      "RemotePkgPlatform": "aarch64-apple-darwin20",
      "RemoteSha": "1.0.4",
      "Hash": "b8552d117e1b808b09a832f589b79035",
      "Requirements": [
        "cli",
        "glue",
        "rlang"
      ]
    },
    "memoise": {
      "Package": "memoise",
      "Version": "2.0.1",
      "Source": "Repository",
      "Repository": "RSPM",
      "RemoteType": "standard",
      "RemotePkgRef": "memoise",
      "RemoteRef": "memoise",
      "RemoteRepos": "https://packagemanager.posit.co/cran/latest",
      "RemoteReposName": "CRAN",
      "RemotePkgPlatform": "aarch64-apple-darwin20",
      "RemoteSha": "2.0.1",
      "Hash": "e2817ccf4a065c5d9d7f2cfbe7c1d78c",
      "Requirements": [
        "cachem",
        "rlang"
      ]
    },
    "mime": {
      "Package": "mime",
      "Version": "0.13",
      "Source": "Repository",
      "Repository": "CRAN",
      "Hash": "0ec19f34c72fab674d8f2b4b1c6410e1",
      "Requirements": []
    },
    "rappdirs": {
      "Package": "rappdirs",
      "Version": "0.3.3",
      "Source": "Repository",
      "Repository": "RSPM",
      "RemoteType": "standard",
      "RemotePkgRef": "rappdirs",
      "RemoteRef": "rappdirs",
      "RemoteRepos": "https://packagemanager.posit.co/cran/latest",
      "RemoteReposName": "CRAN",
      "RemotePkgPlatform": "aarch64-apple-darwin20",
      "RemoteSha": "0.3.3",
      "Hash": "5e3c5dc0b071b21fa128676560dbe94d",
      "Requirements": []
    },
    "renv": {
      "Package": "renv",
      "Version": "0.16.0",
      "Source": "Repository",
      "Repository": "CRAN",
      "Hash": "c9e8442ab69bc21c9697ecf856c1e6c7",
      "Requirements": []
    },
    "rlang": {
      "Package": "rlang",
      "Version": "1.1.5",
      "Source": "Repository",
      "Repository": "CRAN",
      "Hash": "724dcc1490cd7071ee75ca2994a5446e",
      "Requirements": []
    },
    "rmarkdown": {
      "Package": "rmarkdown",
      "Version": "2.29",
      "Source": "Repository",
      "Repository": "CRAN",
      "Hash": "df99277f63d01c34e95e3d2f06a79736",
      "Requirements": [
        "bslib",
        "evaluate",
        "fontawesome",
        "htmltools",
        "jquerylib",
        "jsonlite",
        "knitr",
        "tinytex",
        "xfun",
        "yaml"
      ]
    },
    "sass": {
      "Package": "sass",
      "Version": "0.4.9",
      "Source": "Repository",
      "Repository": "RSPM",
      "RemoteType": "standard",
      "RemotePkgRef": "sass",
      "RemoteRef": "sass",
      "RemoteRepos": "https://packagemanager.posit.co/cran/latest",
      "RemoteReposName": "CRAN",
      "RemotePkgPlatform": "aarch64-apple-darwin20",
      "RemoteSha": "0.4.9",
      "Hash": "d53dbfddf695303ea4ad66f86e99b95d",
      "Requirements": [
        "R6",
        "fs",
        "htmltools",
        "rappdirs",
        "rlang"
      ]
    },
    "tinytex": {
      "Package": "tinytex",
      "Version": "0.56",
      "Source": "Repository",
      "Repository": "CRAN",
      "Hash": "68e6032b8c16f33fab8756e40a0dca1a",
      "Requirements": [
        "xfun"
      ]
    },
    "xfun": {
      "Package": "xfun",
      "Version": "0.52",
      "Source": "Repository",
      "Repository": "CRAN",
      "Hash": "652ce36fe7d57688e6786819b09d9190",
      "Requirements": []
    },
    "yaml": {
      "Package": "yaml",
      "Version": "2.3.10",
      "Source": "Repository",
      "Repository": "RSPM",
      "Hash": "51dab85c6c98e50a18d7551e9d49f76c",
      "Requirements": []
    }
  }
}
